
Microsoft Visual Studio Solution File, Format Version 12.00
# Visual Studio Version 16
VisualStudioVersion = 16.0.30503.244
MinimumVisualStudioVersion = 10.0.40219.1
Project("{FAE04EC0-301F-11D3-BF4B-00C04F79EFBC}") = "CursoMVCAPI", "CursoMVCAPI\CursoMVCAPI.csproj", "{F1875E96-63EA-43A3-9CBD-7D598E72ABEC}"
EndProject
Project("{9A19103F-16F7-4668-BE54-9A1E7A4F7556}") = "CursoMVC", "CursoMVC\CursoMVC.csproj", "{80737BA9-F870-43E7-B8BC-9088DA146D08}"
EndProject
Project("{FAE04EC0-301F-11D3-BF4B-00C04F79EFBC}") = "CursoTests", "CursoTests\CursoTests.csproj", "{CDEBF902-59A4-457D-AF1F-C849FDB6ED36}"
EndProject
Global
	GlobalSection(SolutionConfigurationPlatforms) = preSolution
		Debug|Any CPU = Debug|Any CPU
		Release|Any CPU = Release|Any CPU
	EndGlobalSection
	GlobalSection(ProjectConfigurationPlatforms) = postSolution
		{F1875E96-63EA-43A3-9CBD-7D598E72ABEC}.Debug|Any CPU.ActiveCfg = Debug|Any CPU
		{F1875E96-63EA-43A3-9CBD-7D598E72ABEC}.Debug|Any CPU.Build.0 = Debug|Any CPU
		{F1875E96-63EA-43A3-9CBD-7D598E72ABEC}.Release|Any CPU.ActiveCfg = Release|Any CPU
		{F1875E96-63EA-43A3-9CBD-7D598E72ABEC}.Release|Any CPU.Build.0 = Release|Any CPU
		{80737BA9-F870-43E7-B8BC-9088DA146D08}.Debug|Any CPU.ActiveCfg = Debug|Any CPU
		{80737BA9-F870-43E7-B8BC-9088DA146D08}.Debug|Any CPU.Build.0 = Debug|Any CPU
		{80737BA9-F870-43E7-B8BC-9088DA146D08}.Release|Any CPU.ActiveCfg = Release|Any CPU
		{80737BA9-F870-43E7-B8BC-9088DA146D08}.Release|Any CPU.Build.0 = Release|Any CPU
		{CDEBF902-59A4-457D-AF1F-C849FDB6ED36}.Debug|Any CPU.ActiveCfg = Debug|Any CPU
		{CDEBF902-59A4-457D-AF1F-C849FDB6ED36}.Debug|Any CPU.Build.0 = Debug|Any CPU
		{CDEBF902-59A4-457D-AF1F-C849FDB6ED36}.Release|Any CPU.ActiveCfg = Release|Any CPU
		{CDEBF902-59A4-457D-AF1F-C849FDB6ED36}.Release|Any CPU.Build.0 = Release|Any CPU
	EndGlobalSection
	GlobalSection(SolutionProperties) = preSolution
		HideSolutionNode = FALSE
	EndGlobalSection
	GlobalSection(ExtensibilityGlobals) = postSolution
		SolutionGuid = {89A70D2D-33D9-4EC1-BDAD-3FC97456BB43}
	EndGlobalSection
EndGlobal
